<Solution>
  <Folder Name="/Solution Items/">
    <File Path=".mcp.json" />
    <File Path="README.md" />
  </Folder>
  <Project Path="CalendarMaker-MAUI/CalendarMaker-MAUI.csproj">
    <Deploy Solution="Debug|*" />
  </Project>
  <Project Path="CalendarMaker.Tests/CalendarMaker.Tests.csproj" />
</Solution>
